
Microsoft Visual Studio Solution File, Format Version 12.00
# Visual Studio Version 17
VisualStudioVersion = 17.0.32014.148
MinimumVisualStudioVersion = 10.0.40219.1
Project("{FAE04EC0-301F-11D3-BF4B-00C04F79EFBC}") = "EFCoreAIGS.Data", "EFCoreAIGS.Data\EFCoreAIGS.Data.csproj", "{505185F1-F3E4-4DB9-B2BE-62EE4E17652F}"
EndProject
Project("{FAE04EC0-301F-11D3-BF4B-00C04F79EFBC}") = "EFCoreAIGS.UI", "EFCoreAIGS.UI\EFCoreAIGS.UI.csproj", "{F4E199B7-BC9E-40BF-9278-C15564FAA201}"
EndProject
Global
	GlobalSection(SolutionConfigurationPlatforms) = preSolution
		Debug|Any CPU = Debug|Any CPU
		Release|Any CPU = Release|Any CPU
	EndGlobalSection
	GlobalSection(ProjectConfigurationPlatforms) = postSolution
		{505185F1-F3E4-4DB9-B2BE-62EE4E17652F}.Debug|Any CPU.ActiveCfg = Debug|Any CPU
		{505185F1-F3E4-4DB9-B2BE-62EE4E17652F}.Debug|Any CPU.Build.0 = Debug|Any CPU
		{505185F1-F3E4-4DB9-B2BE-62EE4E17652F}.Release|Any CPU.ActiveCfg = Release|Any CPU
		{505185F1-F3E4-4DB9-B2BE-62EE4E17652F}.Release|Any CPU.Build.0 = Release|Any CPU
		{F4E199B7-BC9E-40BF-9278-C15564FAA201}.Debug|Any CPU.ActiveCfg = Debug|Any CPU
		{F4E199B7-BC9E-40BF-9278-C15564FAA201}.Debug|Any CPU.Build.0 = Debug|Any CPU
		{F4E199B7-BC9E-40BF-9278-C15564FAA201}.Release|Any CPU.ActiveCfg = Release|Any CPU
		{F4E199B7-BC9E-40BF-9278-C15564FAA201}.Release|Any CPU.Build.0 = Release|Any CPU
	EndGlobalSection
	GlobalSection(SolutionProperties) = preSolution
		HideSolutionNode = FALSE
	EndGlobalSection
	GlobalSection(ExtensibilityGlobals) = postSolution
		SolutionGuid = {66141A57-31E0-49CF-A086-2F0A8AD22317}
	EndGlobalSection
EndGlobal
